
Microsoft Visual Studio Solution File, Format Version 12.00
# Visual Studio Version 16
VisualStudioVersion = 16.0.30523.141
MinimumVisualStudioVersion = 10.0.40219.1
Project("{8BC9CEB8-8B4A-11D0-8D11-00A0C91BC942}") = "L1v3", "L1v3\L1v3.vcxproj", "{773FA4AB-3CB3-4B42-8236-90756ECAD41E}"
EndProject
Global
	GlobalSection(SolutionConfigurationPlatforms) = preSolution
		Debug|x64 = Debug|x64
		Debug|x86 = Debug|x86
		Release|x64 = Release|x64
		Release|x86 = Release|x86
	EndGlobalSection
	GlobalSection(ProjectConfigurationPlatforms) = postSolution
		{773FA4AB-3CB3-4B42-8236-90756ECAD41E}.Debug|x64.ActiveCfg = Debug|x64
		{773FA4AB-3CB3-4B42-8236-90756ECAD41E}.Debug|x64.Build.0 = Debug|x64
		{773FA4AB-3CB3-4B42-8236-90756ECAD41E}.Debug|x86.ActiveCfg = Debug|Win32
		{773FA4AB-3CB3-4B42-8236-90756ECAD41E}.Debug|x86.Build.0 = Debug|Win32
		{773FA4AB-3CB3-4B42-8236-90756ECAD41E}.Release|x64.ActiveCfg = Release|x64
		{773FA4AB-3CB3-4B42-8236-90756ECAD41E}.Release|x64.Build.0 = Release|x64
		{773FA4AB-3CB3-4B42-8236-90756ECAD41E}.Release|x86.ActiveCfg = Release|Win32
		{773FA4AB-3CB3-4B42-8236-90756ECAD41E}.Release|x86.Build.0 = Release|Win32
	EndGlobalSection
	GlobalSection(SolutionProperties) = preSolution
		HideSolutionNode = FALSE
	EndGlobalSection
	GlobalSection(ExtensibilityGlobals) = postSolution
		SolutionGuid = {3B2980AF-6FC8-4FBB-8CE7-C5685ED54A70}
	EndGlobalSection
EndGlobal
